
Microsoft Visual Studio Solution File, Format Version 12.00
# Visual Studio Version 16
VisualStudioVersion = 16.0.30406.217
MinimumVisualStudioVersion = 10.0.40219.1
Project("{FAE04EC0-301F-11D3-BF4B-00C04F79EFBC}") = "TestConsoleGit", "TestConsoleGit\TestConsoleGit.csproj", "{D6F0D395-95D5-4017-A05C-D91456618DDE}"
EndProject
Global
	GlobalSection(SolutionConfigurationPlatforms) = preSolution
		Debug|Any CPU = Debug|Any CPU
		Release|Any CPU = Release|Any CPU
	EndGlobalSection
	GlobalSection(ProjectConfigurationPlatforms) = postSolution
		{D6F0D395-95D5-4017-A05C-D91456618DDE}.Debug|Any CPU.ActiveCfg = Debug|Any CPU
		{D6F0D395-95D5-4017-A05C-D91456618DDE}.Debug|Any CPU.Build.0 = Debug|Any CPU
		{D6F0D395-95D5-4017-A05C-D91456618DDE}.Release|Any CPU.ActiveCfg = Release|Any CPU
		{D6F0D395-95D5-4017-A05C-D91456618DDE}.Release|Any CPU.Build.0 = Release|Any CPU
	EndGlobalSection
	GlobalSection(SolutionProperties) = preSolution
		HideSolutionNode = FALSE
	EndGlobalSection
	GlobalSection(ExtensibilityGlobals) = postSolution
		SolutionGuid = {5DD63AE4-9CDF-4837-9B33-677FBD1C3E4A}
	EndGlobalSection
EndGlobal
